
Microsoft Visual Studio Solution File, Format Version 12.00
# Visual Studio 2013
VisualStudioVersion = 12.0.21005.1
MinimumVisualStudioVersion = 10.0.40219.1
Project("{FAE04EC0-301F-11D3-BF4B-00C04F79EFBC}") = "CiaranONeill.NPV.Calculator", "CiaranONeill.NPV.Calculator\CiaranONeill.NPV.Calculator.csproj", "{C6F55D89-0921-49E3-96E2-53837E617E7B}"
EndProject
Project("{2150E333-8FDC-42A3-9474-1A3956D46DE8}") = "UnitTests", "UnitTests", "{1DE60EDC-55EE-4F07-B633-703659805626}"
EndProject
Project("{FAE04EC0-301F-11D3-BF4B-00C04F79EFBC}") = "CiaranONeill.NPV.Tests", "CiaranONeill.NPV.Tests\CiaranONeill.NPV.Tests.csproj", "{A7269E13-D941-436E-A009-F817649A3A42}"
EndProject
Global
	GlobalSection(SolutionConfigurationPlatforms) = preSolution
		Debug|Any CPU = Debug|Any CPU
		Release|Any CPU = Release|Any CPU
	EndGlobalSection
	GlobalSection(ProjectConfigurationPlatforms) = postSolution
		{C6F55D89-0921-49E3-96E2-53837E617E7B}.Debug|Any CPU.ActiveCfg = Debug|Any CPU
		{C6F55D89-0921-49E3-96E2-53837E617E7B}.Debug|Any CPU.Build.0 = Debug|Any CPU
		{C6F55D89-0921-49E3-96E2-53837E617E7B}.Release|Any CPU.ActiveCfg = Release|Any CPU
		{C6F55D89-0921-49E3-96E2-53837E617E7B}.Release|Any CPU.Build.0 = Release|Any CPU
		{A7269E13-D941-436E-A009-F817649A3A42}.Debug|Any CPU.ActiveCfg = Debug|Any CPU
		{A7269E13-D941-436E-A009-F817649A3A42}.Debug|Any CPU.Build.0 = Debug|Any CPU
		{A7269E13-D941-436E-A009-F817649A3A42}.Release|Any CPU.ActiveCfg = Release|Any CPU
		{A7269E13-D941-436E-A009-F817649A3A42}.Release|Any CPU.Build.0 = Release|Any CPU
	EndGlobalSection
	GlobalSection(SolutionProperties) = preSolution
		HideSolutionNode = FALSE
	EndGlobalSection
	GlobalSection(NestedProjects) = preSolution
		{A7269E13-D941-436E-A009-F817649A3A42} = {1DE60EDC-55EE-4F07-B633-703659805626}
	EndGlobalSection
EndGlobal
